
Microsoft Visual Studio Solution File, Format Version 12.00
# Visual Studio 15
VisualStudioVersion = 15.0.26228.9
MinimumVisualStudioVersion = 10.0.40219.1
Project("{FAE04EC0-301F-11D3-BF4B-00C04F79EFBC}") = "Model", "Model\Model.csproj", "{457ED54C-2068-4B2F-8475-8D17D94ED533}"
EndProject
Project("{FAE04EC0-301F-11D3-BF4B-00C04F79EFBC}") = "HomeCFOContext", "HomeCFOContext\HomeCFOContext.csproj", "{8061D6DF-B0D7-48C7-8F14-5A6AF979C29A}"
EndProject
Project("{FAE04EC0-301F-11D3-BF4B-00C04F79EFBC}") = "HomeCFO_DX", "HomeCFO_DX\HomeCFO_DX.csproj", "{D225F465-1FFE-4852-8170-166103AC9A2D}"
EndProject
Global
	GlobalSection(SolutionConfigurationPlatforms) = preSolution
		Debug|Any CPU = Debug|Any CPU
		Release|Any CPU = Release|Any CPU
	EndGlobalSection
	GlobalSection(ProjectConfigurationPlatforms) = postSolution
		{457ED54C-2068-4B2F-8475-8D17D94ED533}.Debug|Any CPU.ActiveCfg = Debug|Any CPU
		{457ED54C-2068-4B2F-8475-8D17D94ED533}.Debug|Any CPU.Build.0 = Debug|Any CPU
		{457ED54C-2068-4B2F-8475-8D17D94ED533}.Release|Any CPU.ActiveCfg = Release|Any CPU
		{457ED54C-2068-4B2F-8475-8D17D94ED533}.Release|Any CPU.Build.0 = Release|Any CPU
		{8061D6DF-B0D7-48C7-8F14-5A6AF979C29A}.Debug|Any CPU.ActiveCfg = Debug|Any CPU
		{8061D6DF-B0D7-48C7-8F14-5A6AF979C29A}.Debug|Any CPU.Build.0 = Debug|Any CPU
		{8061D6DF-B0D7-48C7-8F14-5A6AF979C29A}.Release|Any CPU.ActiveCfg = Release|Any CPU
		{8061D6DF-B0D7-48C7-8F14-5A6AF979C29A}.Release|Any CPU.Build.0 = Release|Any CPU
		{D225F465-1FFE-4852-8170-166103AC9A2D}.Debug|Any CPU.ActiveCfg = Debug|Any CPU
		{D225F465-1FFE-4852-8170-166103AC9A2D}.Debug|Any CPU.Build.0 = Debug|Any CPU
		{D225F465-1FFE-4852-8170-166103AC9A2D}.Release|Any CPU.ActiveCfg = Release|Any CPU
		{D225F465-1FFE-4852-8170-166103AC9A2D}.Release|Any CPU.Build.0 = Release|Any CPU
	EndGlobalSection
	GlobalSection(SolutionProperties) = preSolution
		HideSolutionNode = FALSE
	EndGlobalSection
EndGlobal
